PODS:
  - Alamofire (4.9.1)
  - Kingfisher (4.10.1)
  - ObjectMapper (3.4.2)

DEPENDENCIES:
  - Alamofire (~> 4.3)
  - Kingfisher (~> 4.0)
  - ObjectMapper (= 3.4.2)

SPEC REPOS:
  trunk:
    - Alamofire
    - Kingfisher
    - ObjectMapper

SPEC CHECKSUMS:
  Alamofire: 85e8a02c69d6020a0d734f6054870d7ecb75cf18
  Kingfisher: c148cd7b47ebde9989f6bc7c27dcaa79d81279a0
  ObjectMapper: 0d4402610f4e468903ae64629eec4784531e5c51

PODFILE CHECKSUM: 31fc0f93f228978b0fc35891c3f1c178a4e3f514

COCOAPODS: 1.9.1
